
Microsoft Visual Studio Solution File, Format Version 12.00
# Visual Studio 15
VisualStudioVersion = 15.0.27703.2000
MinimumVisualStudioVersion = 10.0.40219.1
Project("{9A19103F-16F7-4668-BE54-9A1E7A4F7556}") = "test03", "test03.csproj", "{1D432AED-E173-4CEB-9953-6A70AF921DB3}"
EndProject
Global
	GlobalSection(SolutionConfigurationPlatforms) = preSolution
		Debug|Any CPU = Debug|Any CPU
		Release|Any CPU = Release|Any CPU
	EndGlobalSection
	GlobalSection(ProjectConfigurationPlatforms) = postSolution
		{1D432AED-E173-4CEB-9953-6A70AF921DB3}.Debug|Any CPU.ActiveCfg = Debug|Any CPU
		{1D432AED-E173-4CEB-9953-6A70AF921DB3}.Debug|Any CPU.Build.0 = Debug|Any CPU
		{1D432AED-E173-4CEB-9953-6A70AF921DB3}.Release|Any CPU.ActiveCfg = Release|Any CPU
		{1D432AED-E173-4CEB-9953-6A70AF921DB3}.Release|Any CPU.Build.0 = Release|Any CPU
	EndGlobalSection
	GlobalSection(SolutionProperties) = preSolution
		HideSolutionNode = FALSE
	EndGlobalSection
	GlobalSection(ExtensibilityGlobals) = postSolution
		SolutionGuid = {B5DA5636-438B-438C-AB8B-ACB7EBD0B673}
	EndGlobalSection
EndGlobal
